// !$*UTF8*$!
{
	archiveVersion = 1;
	classes = {
	};
	objectVersion = 46;
	objects = {

/* Begin PBXBuildFile section */
		BE045BC11B3B49F200F12477 /* AppDelegate.swift in Sources */ = {isa = PBXBuildFile; fileRef = BE045BC01B3B49F200F12477 /* AppDelegate.swift */; };
		BE045BC31B3B49F200F12477 /* ViewController.swift in Sources */ = {isa = PBXBuildFile; fileRef = BE045BC21B3B49F200F12477 /* ViewController.swift */; };
		BE045BC61B3B49F200F12477 /* Main.storyboard in Resources */ = {isa = PBXBuildFile; fileRef = BE045BC41B3B49F200F12477 /* Main.storyboard */; };
		BE045BC81B3B49F200F12477 /* Assets.xcassets in Resources */ = {isa = PBXBuildFile; fileRef = BE045BC71B3B49F200F12477 /* Assets.xcassets */; };
		BE045BCB1B3B49F200F12477 /* LaunchScreen.storyboard in Resources */ = {isa = PBXBuildFile; fileRef = BE045BC91B3B49F200F12477 /* LaunchScreen.storyboard */; };
/* End PBXBuildFile section */

/* Begin PBXFileReference section */
		BE045BBD1B3B49F200F12477 /* AFNetworkingTest.app */ = {isa = PBXFileReference; explicitFileType = wrapper.application; includeInIndex = 0; path = AFNetworkingTest.app; sourceTree = BUILT_PRODUCTS_DIR; };
		BE045BC01B3B49F200F12477 /* AppDelegate.swift */ = {isa = PBXFileReference; lastKnownFileType = sourcecode.swift; path = AppDelegate.swift; sourceTree = "<group>"; };
		BE045BC21B3B49F200F12477 /* ViewController.swift */ = {isa = PBXFileReference; lastKnownFileType = sourcecode.swift; path = ViewController.swift; sourceTree = "<group>"; };
		BE045BC51B3B49F200F12477 /* Base */ = {isa = PBXFileReference; lastKnownFileType = file.storyboard; name = Base; path = Base.lproj/Main.storyboard; sourceTree = "<group>"; };
		BE045BC71B3B49F200F12477 /* Assets.xcassets */ = {isa = PBXFileReference; lastKnownFileType = folder.assetcatalog; path = Assets.xcassets; sourceTree = "<group>"; };
		BE045BCA1B3B49F200F12477 /* Base */ = {isa = PBXFileReference; lastKnownFileType = file.storyboard; name = Base; path = Base.lproj/LaunchScreen.storyboard; sourceTree = "<group>"; };
		BE045BCC1B3B49F200F12477 /* Info.plist */ = {isa = PBXFileReference; lastKnownFileType = text.plist.xml; path = Info.plist; sourceTree = "<group>"; };
/* End PBXFileReference section */

/* Begin PBXFrameworksBuildPhase section */
		BE045BBA1B3B49F200F12477 /* Frameworks */ = {
			isa = PBXFrameworksBuildPhase;
			buildActionMask = 2147483647;
			files = (
			);
			runOnlyForDeploymentPostprocessing = 0;
		};
/* End PBXFrameworksBuildPhase section */

/* Begin PBXGroup section */
		BE045BB41B3B49F200F12477 = {
			isa = PBXGroup;
			children = (
				BE045BBF1B3B49F200F12477 /* AFNetworkingTest */,
				BE045BBE1B3B49F200F12477 /* Products */,
			);
			sourceTree = "<group>";
		};
		BE045BBE1B3B49F200F12477 /* Products */ = {
			isa = PBXGroup;
			children = (
				BE045BBD1B3B49F200F12477 /* AFNetworkingTest.app */,
			);
			name = Products;
			sourceTree = "<group>";
		};
		BE045BBF1B3B49F200F12477 /* AFNetworkingTest */ = {
			isa = PBXGroup;
			children = (
				BE045BC01B3B49F200F12477 /* AppDelegate.swift */,
				BE045BC21B3B49F200F12477 /* ViewController.swift */,
				BE045BC41B3B49F200F12477 /* Main.storyboard */,
				BE045BC71B3B49F200F12477 /* Assets.xcassets */,
				BE045BC91B3B49F200F12477 /* LaunchScreen.storyboard */,
				BE045BCC1B3B49F200F12477 /* Info.plist */,
			);
			path = AFNetworkingTest;
			sourceTree = "<group>";
		};
/* End PBXGroup section */

/* Begin PBXNativeTarget section */
		BE045BBC1B3B49F200F12477 /* AFNetworkingTest */ = {
			isa = PBXNativeTarget;
			buildConfigurationList = BE045BCF1B3B49F200F12477 /* Build configuration list for PBXNativeTarget "AFNetworkingTest" */;
			buildPhases = (
				BE045BB91B3B49F200F12477 /* Sources */,
				BE045BBA1B3B49F200F12477 /* Frameworks */,
				BE045BBB1B3B49F200F12477 /* Resources */,
			);
			buildRules = (
			);
			dependencies = (
			);
			name = AFNetworkingTest;
			productName = AFNetworkingTest;
			productReference = BE045BBD1B3B49F200F12477 /* AFNetworkingTest.app */;
			productType = "com.apple.product-type.application";
		};
/* End PBXNativeTarget section */

/* Begin PBXProject section */
		BE045BB51B3B49F200F12477 /* Project object */ = {
			isa = PBXProject;
			attributes = {
				LastUpgradeCheck = 0700;
				ORGANIZATIONNAME = Johansson;
				TargetAttributes = {
					BE045BBC1B3B49F200F12477 = {
						CreatedOnToolsVersion = 7.0;
					};
				};
			};
			buildConfigurationList = BE045BB81B3B49F200F12477 /* Build configuration list for PBXProject "AFNetworkingTest" */;
			compatibilityVersion = "Xcode 3.2";
			developmentRegion = English;
			hasScannedForEncodings = 0;
			knownRegions = (
				en,
				Base,
			);
			mainGroup = BE045BB41B3B49F200F12477;
			productRefGroup = BE045BBE1B3B49F200F12477 /* Products */;
			projectDirPath = "";
			projectRoot = "";
			targets = (
				BE045BBC1B3B49F200F12477 /* AFNetworkingTest */,
			);
		};
/* End PBXProject section */

/* Begin PBXResourcesBuildPhase section */
		BE045BBB1B3B49F200F12477 /* Resources */ = {
			isa = PBXResourcesBuildPhase;
			buildActionMask = 2147483647;
			files = (
				BE045BCB1B3B49F200F12477 /* LaunchScreen.storyboard in Resources */,
				BE045BC81B3B49F200F12477 /* Assets.xcassets in Resources */,
				BE045BC61B3B49F200F12477 /* Main.storyboard in Resources */,
			);
			runOnlyForDeploymentPostprocessing = 0;
		};
/* End PBXResourcesBuildPhase section */

/* Begin PBXSourcesBuildPhase section */
		BE045BB91B3B49F200F12477 /* Sources */ = {
			isa = PBXSourcesBuildPhase;
			buildActionMask = 2147483647;
			files = (
				BE045BC31B3B49F200F12477 /* ViewController.swift in Sources */,
				BE045BC11B3B49F200F12477 /* AppDelegate.swift in Sources */,
			);
			runOnlyForDeploymentPostprocessing = 0;
		};
/* End PBXSourcesBuildPhase section */

/* Begin PBXVariantGroup section */
		BE045BC41B3B49F200F12477 /* Main.storyboard */ = {
			isa = PBXVariantGroup;
			children = (
				BE045BC51B3B49F200F12477 /* Base */,
			);
			name = Main.storyboard;
			sourceTree = "<group>";
		};
		BE045BC91B3B49F200F12477 /* LaunchScreen.storyboard */ = {
			isa = PBXVariantGroup;
			children = (
				BE045BCA1B3B49F200F12477 /* Base */,
			);
			name = LaunchScreen.storyboard;
			sourceTree = "<group>";
		};
/* End PBXVariantGroup section */

/* Begin XCBuildConfiguration section */
		BE045BCD1B3B49F200F12477 /* Debug */ = {
			isa = XCBuildConfiguration;
			buildSettings = {
				ALWAYS_SEARCH_USER_PATHS = NO;
				CLANG_CXX_LANGUAGE_STANDARD = "gnu++0x";
				CLANG_CXX_LIBRARY = "libc++";
				CLANG_ENABLE_MODULES = YES;
				CLANG_ENABLE_OBJC_ARC = YES;
				CLANG_WARN_BOOL_CONVERSION = YES;
				CLANG_WARN_CONSTANT_CONVERSION = YES;
				CLANG_WARN_DIRECT_OBJC_ISA_USAGE = YES_ERROR;
				CLANG_WARN_EMPTY_BODY = YES;
				CLANG_WARN_ENUM_CONVERSION = YES;
				CLANG_WARN_INT_CONVERSION = YES;
				CLANG_WARN_OBJC_ROOT_CLASS = YES_ERROR;
				CLANG_WARN_UNREACHABLE_CODE = YES;
				CLANG_WARN__DUPLICATE_METHOD_MATCH = YES;
				"CODE_SIGN_IDENTITY[sdk=iphoneos*]" = "iPhone Developer";
				COPY_PHASE_STRIP = NO;
				DEBUG_INFORMATION_FORMAT = dwarf;
				ENABLE_STRICT_OBJC_MSGSEND = YES;
				ENABLE_TESTABILITY = YES;
				GCC_C_LANGUAGE_STANDARD = gnu99;
				GCC_DYNAMIC_NO_PIC = NO;
				GCC_NO_COMMON_BLOCKS = YES;
				GCC_OPTIMIZATION_LEVEL = 0;
				GCC_PREPROCESSOR_DEFINITIONS = (
					"DEBUG=1",
					"$(inherited)",
				);
				GCC_WARN_64_TO_32_BIT_CONVERSION = YES;
				GCC_WARN_ABOUT_RETURN_TYPE = YES_ERROR;
				GCC_WARN_UNDECLARED_SELECTOR = YES;
				GCC_WARN_UNINITIALIZED_AUTOS = YES_AGGRESSIVE;
				GCC_WARN_UNUSED_FUNCTION = YES;
				GCC_WARN_UNUSED_VARIABLE = YES;
				IPHONEOS_DEPLOYMENT_TARGET = 9.0;
				MTL_ENABLE_DEBUG_INFO = YES;
				ONLY_ACTIVE_ARCH = YES;
				SDKROOT = iphoneos;
				SWIFT_OPTIMIZATION_LEVEL = "-Onone";
			};
			name = Debug;
		};
		BE045BCE1B3B49F200F12477 /* Release */ = {
			isa = XCBuildConfiguration;
			buildSettings = {
				ALWAYS_SEARCH_USER_PATHS = NO;
				CLANG_CXX_LANGUAGE_STANDARD = "gnu++0x";
				CLANG_CXX_LIBRARY = "libc++";
				CLANG_ENABLE_MODULES = YES;
				CLANG_ENABLE_OBJC_ARC = YES;
				CLANG_WARN_BOOL_CONVERSION = YES;
				CLANG_WARN_CONSTANT_CONVERSION = YES;
				CLANG_WARN_DIRECT_OBJC_ISA_USAGE = YES_ERROR;
				CLANG_WARN_EMPTY_BODY = YES;
				CLANG_WARN_ENUM_CONVERSION = YES;
				CLANG_WARN_INT_CONVERSION = YES;
				CLANG_WARN_OBJC_ROOT_CLASS = YES_ERROR;
				CLANG_WARN_UNREACHABLE_CODE = YES;
				CLANG_WARN__DUPLICATE_METHOD_MATCH = YES;
				"CODE_SIGN_IDENTITY[sdk=iphoneos*]" = "iPhone Developer";
				COPY_PHASE_STRIP = NO;
				DEBUG_INFORMATION_FORMAT = "dwarf-with-dsym";
				ENABLE_NS_ASSERTIONS = NO;
				ENABLE_STRICT_OBJC_MSGSEND = YES;
				GCC_C_LANGUAGE_STANDARD = gnu99;
				GCC_NO_COMMON_BLOCKS = YES;
				GCC_WARN_64_TO_32_BIT_CONVERSION = YES;
				GCC_WARN_ABOUT_RETURN_TYPE = YES_ERROR;
				GCC_WARN_UNDECLARED_SELECTOR = YES;
				GCC_WARN_UNINITIALIZED_AUTOS = YES_AGGRESSIVE;
				GCC_WARN_UNUSED_FUNCTION = YES;
				GCC_WARN_UNUSED_VARIABLE = YES;
				IPHONEOS_DEPLOYMENT_TARGET = 9.0;
				MTL_ENABLE_DEBUG_INFO = NO;
				SDKROOT = iphoneos;
				VALIDATE_PRODUCT = YES;
			};
			name = Release;
		};
		BE045BD01B3B49F200F12477 /* Debug */ = {
			isa = XCBuildConfiguration;
			buildSettings = {
				ASSETCATALOG_COMPILER_APPICON_NAME = AppIcon;
				INFOPLIST_FILE = AFNetworkingTest/Info.plist;
				LD_RUNPATH_SEARCH_PATHS = "$(inherited) @executable_path/Frameworks";
				PRODUCT_BUNDLE_IDENTIFIER = johansson.AFNetworkingTest;
				PRODUCT_NAME = "$(TARGET_NAME)";
			};
			name = Debug;
		};
		BE045BD11B3B49F200F12477 /* Release */ = {
			isa = XCBuildConfiguration;
			buildSettings = {
				ASSETCATALOG_COMPILER_APPICON_NAME = AppIcon;
				INFOPLIST_FILE = AFNetworkingTest/Info.plist;
				LD_RUNPATH_SEARCH_PATHS = "$(inherited) @executable_path/Frameworks";
				PRODUCT_BUNDLE_IDENTIFIER = johansson.AFNetworkingTest;
				PRODUCT_NAME = "$(TARGET_NAME)";
			};
			name = Release;
		};
/* End XCBuildConfiguration section */

/* Begin XCConfigurationList section */
		BE045BB81B3B49F200F12477 /* Build configuration list for PBXProject "AFNetworkingTest" */ = {
			isa = XCConfigurationList;
			buildConfigurations = (
				BE045BCD1B3B49F200F12477 /* Debug */,
				BE045BCE1B3B49F200F12477 /* Release */,
			);
			defaultConfigurationIsVisible = 0;
			defaultConfigurationName = Release;
		};
		BE045BCF1B3B49F200F12477 /* Build configuration list for PBXNativeTarget "AFNetworkingTest" */ = {
			isa = XCConfigurationList;
			buildConfigurations = (
				BE045BD01B3B49F200F12477 /* Debug */,
				BE045BD11B3B49F200F12477 /* Release */,
			);
			defaultConfigurationIsVisible = 0;
		};
/* End XCConfigurationList section */
	};
	rootObject = BE045BB51B3B49F200F12477 /* Project object */;
}
